
Microsoft Visual Studio Solution File, Format Version 12.00
# Visual Studio Version 17
VisualStudioVersion = 17.4.33213.308
MinimumVisualStudioVersion = 10.0.40219.1
Project("{FAE04EC0-301F-11D3-BF4B-00C04F79EFBC}") = "CShup", "CShup.csproj", "{8E728D4C-13C1-48EB-996B-3B809C18CFB4}"
EndProject
Global
	GlobalSection(SolutionConfigurationPlatforms) = preSolution
		Debug|Any CPU = Debug|Any CPU
		Release|Any CPU = Release|Any CPU
	EndGlobalSection
	GlobalSection(ProjectConfigurationPlatforms) = postSolution
		{8E728D4C-13C1-48EB-996B-3B809C18CFB4}.Debug|Any CPU.ActiveCfg = Debug|Any CPU
		{8E728D4C-13C1-48EB-996B-3B809C18CFB4}.Debug|Any CPU.Build.0 = Debug|Any CPU
		{8E728D4C-13C1-48EB-996B-3B809C18CFB4}.Release|Any CPU.ActiveCfg = Release|Any CPU
		{8E728D4C-13C1-48EB-996B-3B809C18CFB4}.Release|Any CPU.Build.0 = Release|Any CPU
	EndGlobalSection
	GlobalSection(SolutionProperties) = preSolution
		HideSolutionNode = FALSE
	EndGlobalSection
	GlobalSection(ExtensibilityGlobals) = postSolution
		SolutionGuid = {037C3DBF-AA82-42BA-8E9E-C8A2F024BEF1}
	EndGlobalSection
EndGlobal
